<?xml version="1.0" encoding="utf-8"?>
<Project ToolsVersion="4.0" xmlns="http://schemas.microsoft.com/developer/msbuild/2003">
  <ItemGroup>
    <Filter Include="Source Files">
      <UniqueIdentifier>{4FC737F1-C7A5-4376-A066-2A32D752A2FF}</UniqueIdentifier>
      <Extensions>cpp;c;cc;cxx;def;odl;idl;hpj;bat;asm;asmx</Extensions>
    </Filter>
    <Filter Include="Header Files">
      <UniqueIdentifier>{93995380-89BD-4b04-88EB-625FBE52EBFB}</UniqueIdentifier>
      <Extensions>h;hh;hpp;hxx;hm;inl;inc;xsd</Extensions>
    </Filter>
    <Filter Include="Resource Files">
      <UniqueIdentifier>{67DA6AB6-F800-4c08-8B7A-83BB121AAD01}</UniqueIdentifier>
      <Extensions>rc;ico;cur;bmp;dlg;rc2;rct;bin;rgs;gif;jpg;jpeg;jpe;resx;tiff;tif;png;wav;mfcribbon-ms</Extensions>
    </Filter>
  </ItemGroup>
  <ItemGroup>
    <ClInclude Include="src\AboutDialog.h">
      <Filter>Header Files</Filter>
    </ClInclude>
    <ClInclude Include="src\Config.h">
      <Filter>Header Files</Filter>
    </ClInclude>
    <ClInclude Include="src\DatSprOpenSaveDialog.h">
      <Filter>Header Files</Filter>
    </ClInclude>
    <ClInclude Include="src\DatSprReaderWriter.h">
      <Filter>Header Files</Filter>
    </ClInclude>
    <ClInclude Include="src\DatSprStructs.h">
      <Filter>Header Files</Filter>
    </ClInclude>
    <ClInclude Include="src\Events.h">
      <Filter>Header Files</Filter>
    </ClInclude>
    <ClInclude Include="src\Interfaces.h">
      <Filter>Header Files</Filter>
    </ClInclude>
    <ClInclude Include="src\MainWindow.h">
      <Filter>Header Files</Filter>
    </ClInclude>
    <ClInclude Include="src\NewEditor.h">
      <Filter>Header Files</Filter>
    </ClInclude>
    <ClInclude Include="src\QuickGuideDialog.h">
      <Filter>Header Files</Filter>
    </ClInclude>
    <ClInclude Include="src\Settings.h">
      <Filter>Header Files</Filter>
    </ClInclude>
    <ClInclude Include="src\Utils.h">
      <Filter>Header Files</Filter>
    </ClInclude>
    <ClInclude Include="src\AdvancedAttributesManager.h">
      <Filter>Header Files</Filter>
    </ClInclude>
    <ClInclude Include="src\GenerateRMEDialog.h">
      <Filter>Header Files</Filter>
    </ClInclude>
    <ClInclude Include="src\ItemsOtbWriter.h">
      <Filter>Header Files</Filter>
    </ClInclude>
    <ClInclude Include="src\XmlWriter.h">
      <Filter>Header Files</Filter>
    </ClInclude>
    <ClInclude Include="src\AdvancedAttributesDialog.h">
      <Filter>Header Files</Filter>
    </ClInclude>
    <ClInclude Include="src\pugixml\pugixml.hpp">
      <Filter>Header Files</Filter>
    </ClInclude>
    <ClInclude Include="src\jsoncpp\json.h">
      <Filter>Header Files</Filter>
    </ClInclude>
    <ClInclude Include="src\SpritesCleanupDialog.h">
      <Filter>Header Files</Filter>
    </ClInclude>
    <ClInclude Include="src\AutoBackupDialog.h">
      <Filter>Header Files</Filter>
    </ClInclude>
    <ClInclude Include="src\PreferencesDialog.h">
      <Filter>Header Files</Filter>
    </ClInclude>
    <ClInclude Include="src\ExportAnimationDialog.h">
      <Filter>Header Files</Filter>
    </ClInclude>
  </ItemGroup>
  <ItemGroup>
    <ClCompile Include="src\AboutDialog.cpp">
      <Filter>Source Files</Filter>
    </ClCompile>
    <ClCompile Include="src\Config.cpp">
      <Filter>Source Files</Filter>
    </ClCompile>
    <ClCompile Include="src\DatSprOpenSaveDialog.cpp">
      <Filter>Source Files</Filter>
    </ClCompile>
    <ClCompile Include="src\DatSprReaderWriter.cpp">
      <Filter>Source Files</Filter>
    </ClCompile>
    <ClCompile Include="src\Events.cpp">
      <Filter>Source Files</Filter>
    </ClCompile>
    <ClCompile Include="src\MainWindow.cpp">
      <Filter>Source Files</Filter>
    </ClCompile>
    <ClCompile Include="src\NewEditor.cpp">
      <Filter>Source Files</Filter>
    </ClCompile>
    <ClCompile Include="src\QuickGuideDialog.cpp">
      <Filter>Source Files</Filter>
    </ClCompile>
    <ClCompile Include="src\Settings.cpp">
      <Filter>Source Files</Filter>
    </ClCompile>
    <ClCompile Include="src\Utils.cpp">
      <Filter>Source Files</Filter>
    </ClCompile>
    <ClCompile Include="src\AdvancedAttributesDialog.cpp">
      <Filter>Source Files</Filter>
    </ClCompile>
    <ClCompile Include="src\AdvancedAttributesManager.cpp">
      <Filter>Source Files</Filter>
    </ClCompile>
    <ClCompile Include="src\GenerateRMEDialog.cpp">
      <Filter>Source Files</Filter>
    </ClCompile>
    <ClCompile Include="src\ItemsOtbWriter.cpp">
      <Filter>Source Files</Filter>
    </ClCompile>
    <ClCompile Include="src\XmlWriter.cpp">
      <Filter>Source Files</Filter>
    </ClCompile>
    <ClCompile Include="src\jsoncpp\jsoncpp.cpp">
      <Filter>Source Files</Filter>
    </ClCompile>
    <ClCompile Include="src\pugixml\pugixml.cpp">
      <Filter>Source Files</Filter>
    </ClCompile>
    <ClCompile Include="src\SpritesCleanupDialog.cpp">
      <Filter>Source Files</Filter>
    </ClCompile>
    <ClCompile Include="src\AutoBackupDialog.cpp">
      <Filter>Source Files</Filter>
    </ClCompile>
    <ClCompile Include="src\PreferencesDialog.cpp">
      <Filter>Source Files</Filter>
    </ClCompile>
    <ClCompile Include="src\ExportAnimationDialog.cpp">
      <Filter>Source Files</Filter>
    </ClCompile>
  </ItemGroup>
</Project>